// !$*UTF8*$!
{
	archiveVersion = 1;
	classes = {
	};
	objectVersion = 52;
	objects = {

/* Begin PBXBuildFile section */
		2DBA11E76BBF1E72BE871FCE /* SaunaApp.swift in Sources */ = {isa = PBXBuildFile; fileRef = 2DBA16D57AE8EF1A8B29EA2A /* SaunaApp.swift */; };
		FA1C541624A7C51D006B1A2F /* FriendsListView.swift in Sources */ = {isa = PBXBuildFile; fileRef = FA1C541524A7C51D006B1A2F /* FriendsListView.swift */; };
		FA381E90249659EA00719ABC /* AutoRefreshReducer.swift in Sources */ = {isa = PBXBuildFile; fileRef = FA381E8F249659EA00719ABC /* AutoRefreshReducer.swift */; };
		FA3B4A8124A777CC00212F1C /* SaunaWatch WatchKit App.app in Embed Watch Content */ = {isa = PBXBuildFile; fileRef = FA3B4A8024A777CC00212F1C /* SaunaWatch WatchKit App.app */; settings = {ATTRIBUTES = (RemoveHeadersOnCopy, ); }; };
		FA3B4A8724A777CC00212F1C /* Interface.storyboard in Resources */ = {isa = PBXBuildFile; fileRef = FA3B4A8524A777CC00212F1C /* Interface.storyboard */; };
		FA3B4A8924A777CD00212F1C /* Assets.xcassets in Resources */ = {isa = PBXBuildFile; fileRef = FA3B4A8824A777CD00212F1C /* Assets.xcassets */; };
		FA3B4A9024A777CD00212F1C /* SaunaWatch WatchKit Extension.appex in Embed App Extensions */ = {isa = PBXBuildFile; fileRef = FA3B4A8F24A777CD00212F1C /* SaunaWatch WatchKit Extension.appex */; settings = {ATTRIBUTES = (RemoveHeadersOnCopy, ); }; };
		FA3B4A9524A777CD00212F1C /* HostingController.swift in Sources */ = {isa = PBXBuildFile; fileRef = FA3B4A9424A777CD00212F1C /* HostingController.swift */; };
		FA3B4A9724A777CD00212F1C /* ContentView.swift in Sources */ = {isa = PBXBuildFile; fileRef = FA3B4A9624A777CD00212F1C /* ContentView.swift */; };
		FA3B4A9924A777CD00212F1C /* ExtensionDelegate.swift in Sources */ = {isa = PBXBuildFile; fileRef = FA3B4A9824A777CD00212F1C /* ExtensionDelegate.swift */; };
		FA3B4A9B24A777CE00212F1C /* Assets.xcassets in Resources */ = {isa = PBXBuildFile; fileRef = FA3B4A9A24A777CE00212F1C /* Assets.xcassets */; };
		FA3B4A9E24A777CE00212F1C /* Preview Assets.xcassets in Resources */ = {isa = PBXBuildFile; fileRef = FA3B4A9D24A777CE00212F1C /* Preview Assets.xcassets */; };
		FA54FEBD24891EDA004D21A7 /* Assets.xcassets in Resources */ = {isa = PBXBuildFile; fileRef = FA54FEBC24891EDA004D21A7 /* Assets.xcassets */; };
		FA54FEC024891EDA004D21A7 /* Preview Assets.xcassets in Resources */ = {isa = PBXBuildFile; fileRef = FA54FEBF24891EDA004D21A7 /* Preview Assets.xcassets */; };
		FA54FEC324891EDA004D21A7 /* Main.storyboard in Resources */ = {isa = PBXBuildFile; fileRef = FA54FEC124891EDA004D21A7 /* Main.storyboard */; };
		FA57808424A778AE00ED6073 /* WatchAppState.swift in Sources */ = {isa = PBXBuildFile; fileRef = FA57808324A778AE00ED6073 /* WatchAppState.swift */; };
		FA6CC18B24A9068200D7775B /* MessageOverlay.swift in Sources */ = {isa = PBXBuildFile; fileRef = FA6CC18A24A9068200D7775B /* MessageOverlay.swift */; };
		FA6F2ECF24961B67004F02F8 /* AppEnvironment+Mock.swift in Sources */ = {isa = PBXBuildFile; fileRef = FA6F2ECE24961B67004F02F8 /* AppEnvironment+Mock.swift */; };
		FA6F2ED12496204D004F02F8 /* AppNotificationObserver.swift in Sources */ = {isa = PBXBuildFile; fileRef = FA6F2ED02496204D004F02F8 /* AppNotificationObserver.swift */; };
		FA789A54249B573C00BE3FC4 /* NotificationObserverTests.swift in Sources */ = {isa = PBXBuildFile; fileRef = FA789A53249B573C00BE3FC4 /* NotificationObserverTests.swift */; };
		FA9F2F4C24A77CB6006C7BBF /* Secrets.swift in Sources */ = {isa = PBXBuildFile; fileRef = FA9F2F4B24A77CB6006C7BBF /* Secrets.swift */; };
		FA9F2F4F24A77D94006C7BBF /* ProfileRow.swift in Sources */ = {isa = PBXBuildFile; fileRef = FA9F2F4E24A77D94006C7BBF /* ProfileRow.swift */; };
		FA9F2F5124A77E5F006C7BBF /* StatusView.swift in Sources */ = {isa = PBXBuildFile; fileRef = FA9F2F5024A77E5F006C7BBF /* StatusView.swift */; };
		FAA07D012664D82800BC87C6 /* Secrets.swift in Sources */ = {isa = PBXBuildFile; fileRef = FA9F2F4B24A77CB6006C7BBF /* Secrets.swift */; };
		FAA6D81324A3480E006631E3 /* Credits.rtf in Resources */ = {isa = PBXBuildFile; fileRef = FAA6D81224A3480E006631E3 /* Credits.rtf */; };
		FAB66C8B24950FDB00AC461F /* Notifier.swift in Sources */ = {isa = PBXBuildFile; fileRef = FAB66C8A24950FDB00AC461F /* Notifier.swift */; };
		FAB68B5A260F45C2006949EA /* SaunaApp in Frameworks */ = {isa = PBXBuildFile; productRef = FAB68B59260F45C2006949EA /* SaunaApp */; };
		FAB68B7A260F4DDC006949EA /* SaunaApp in Frameworks */ = {isa = PBXBuildFile; productRef = FAB68B79260F4DDC006949EA /* SaunaApp */; };
/* End PBXBuildFile section */

/* Begin PBXContainerItemProxy section */
		FA3B4A8224A777CC00212F1C /* PBXContainerItemProxy */ = {
			isa = PBXContainerItemProxy;
			containerPortal = FA54FEAD24891ED8004D21A7 /* Project object */;
			proxyType = 1;
			remoteGlobalIDString = FA3B4A7F24A777CC00212F1C;
			remoteInfo = "SaunaWatch WatchKit App";
		};
		FA3B4A9124A777CD00212F1C /* PBXContainerItemProxy */ = {
			isa = PBXContainerItemProxy;
			containerPortal = FA54FEAD24891ED8004D21A7 /* Project object */;
			proxyType = 1;
			remoteGlobalIDString = FA3B4A8E24A777CD00212F1C;
			remoteInfo = "SaunaWatch WatchKit Extension";
		};
		FA54FEE424892539004D21A7 /* PBXContainerItemProxy */ = {
			isa = PBXContainerItemProxy;
			containerPortal = FA54FEAD24891ED8004D21A7 /* Project object */;
			proxyType = 1;
			remoteGlobalIDString = FA54FEB424891ED8004D21A7;
			remoteInfo = Sauna;
		};
/* End PBXContainerItemProxy section */

/* Begin PBXCopyFilesBuildPhase section */
		FA3B4AA224A777CE00212F1C /* Embed Watch Content */ = {
			isa = PBXCopyFilesBuildPhase;
			buildActionMask = 2147483647;
			dstPath = "$(CONTENTS_FOLDER_PATH)/Watch";
			dstSubfolderSpec = 16;
			files = (
				FA3B4A8124A777CC00212F1C /* SaunaWatch WatchKit App.app in Embed Watch Content */,
			);
			name = "Embed Watch Content";
			runOnlyForDeploymentPostprocessing = 0;
		};
		FA3B4AA524A777CE00212F1C /* Embed App Extensions */ = {
			isa = PBXCopyFilesBuildPhase;
			buildActionMask = 2147483647;
			dstPath = "";
			dstSubfolderSpec = 13;
			files = (
				FA3B4A9024A777CD00212F1C /* SaunaWatch WatchKit Extension.appex in Embed App Extensions */,
			);
			name = "Embed App Extensions";
			runOnlyForDeploymentPostprocessing = 0;
		};
/* End PBXCopyFilesBuildPhase section */

/* Begin PBXFileReference section */
		2DBA16D57AE8EF1A8B29EA2A /* SaunaApp.swift */ = {isa = PBXFileReference; fileEncoding = 4; lastKnownFileType = sourcecode.swift; path = SaunaApp.swift; sourceTree = "<group>"; };
		FA1C541524A7C51D006B1A2F /* FriendsListView.swift */ = {isa = PBXFileReference; lastKnownFileType = sourcecode.swift; path = FriendsListView.swift; sourceTree = "<group>"; };
		FA381E8F249659EA00719ABC /* AutoRefreshReducer.swift */ = {isa = PBXFileReference; lastKnownFileType = sourcecode.swift; path = AutoRefreshReducer.swift; sourceTree = "<group>"; };
		FA3B4A7324A76B6D00212F1C /* LibSauna */ = {isa = PBXFileReference; lastKnownFileType = folder; path = LibSauna; sourceTree = "<group>"; };
		FA3B4A7D24A777CC00212F1C /* SaunaWatch.app */ = {isa = PBXFileReference; explicitFileType = wrapper.application; includeInIndex = 0; path = SaunaWatch.app; sourceTree = BUILT_PRODUCTS_DIR; };
		FA3B4A8024A777CC00212F1C /* SaunaWatch WatchKit App.app */ = {isa = PBXFileReference; explicitFileType = wrapper.application; includeInIndex = 0; path = "SaunaWatch WatchKit App.app"; sourceTree = BUILT_PRODUCTS_DIR; };
		FA3B4A8624A777CC00212F1C /* Base */ = {isa = PBXFileReference; lastKnownFileType = file.storyboard; name = Base; path = Base.lproj/Interface.storyboard; sourceTree = "<group>"; };
		FA3B4A8824A777CD00212F1C /* Assets.xcassets */ = {isa = PBXFileReference; lastKnownFileType = folder.assetcatalog; path = Assets.xcassets; sourceTree = "<group>"; };
		FA3B4A8A24A777CD00212F1C /* Info.plist */ = {isa = PBXFileReference; lastKnownFileType = text.plist.xml; path = Info.plist; sourceTree = "<group>"; };
		FA3B4A8F24A777CD00212F1C /* SaunaWatch WatchKit Extension.appex */ = {isa = PBXFileReference; explicitFileType = "wrapper.app-extension"; includeInIndex = 0; path = "SaunaWatch WatchKit Extension.appex"; sourceTree = BUILT_PRODUCTS_DIR; };
		FA3B4A9424A777CD00212F1C /* HostingController.swift */ = {isa = PBXFileReference; lastKnownFileType = sourcecode.swift; path = HostingController.swift; sourceTree = "<group>"; };
		FA3B4A9624A777CD00212F1C /* ContentView.swift */ = {isa = PBXFileReference; lastKnownFileType = sourcecode.swift; path = ContentView.swift; sourceTree = "<group>"; };
		FA3B4A9824A777CD00212F1C /* ExtensionDelegate.swift */ = {isa = PBXFileReference; lastKnownFileType = sourcecode.swift; path = ExtensionDelegate.swift; sourceTree = "<group>"; };
		FA3B4A9A24A777CE00212F1C /* Assets.xcassets */ = {isa = PBXFileReference; lastKnownFileType = folder.assetcatalog; path = Assets.xcassets; sourceTree = "<group>"; };
		FA3B4A9D24A777CE00212F1C /* Preview Assets.xcassets */ = {isa = PBXFileReference; lastKnownFileType = folder.assetcatalog; path = "Preview Assets.xcassets"; sourceTree = "<group>"; };
		FA3B4A9F24A777CE00212F1C /* Info.plist */ = {isa = PBXFileReference; lastKnownFileType = text.plist.xml; path = Info.plist; sourceTree = "<group>"; };
		FA54FEB524891ED8004D21A7 /* Sauna.app */ = {isa = PBXFileReference; explicitFileType = wrapper.application; includeInIndex = 0; path = Sauna.app; sourceTree = BUILT_PRODUCTS_DIR; };
		FA54FEBC24891EDA004D21A7 /* Assets.xcassets */ = {isa = PBXFileReference; lastKnownFileType = folder.assetcatalog; path = Assets.xcassets; sourceTree = "<group>"; };
		FA54FEBF24891EDA004D21A7 /* Preview Assets.xcassets */ = {isa = PBXFileReference; lastKnownFileType = folder.assetcatalog; path = "Preview Assets.xcassets"; sourceTree = "<group>"; };
		FA54FEC224891EDA004D21A7 /* Base */ = {isa = PBXFileReference; lastKnownFileType = file.storyboard; name = Base; path = Base.lproj/Main.storyboard; sourceTree = "<group>"; };
		FA54FEC424891EDA004D21A7 /* Info.plist */ = {isa = PBXFileReference; lastKnownFileType = text.plist.xml; path = Info.plist; sourceTree = "<group>"; };
		FA54FEC524891EDA004D21A7 /* Sauna.entitlements */ = {isa = PBXFileReference; lastKnownFileType = text.plist.entitlements; path = Sauna.entitlements; sourceTree = "<group>"; };
		FA54FEDF24892539004D21A7 /* SaunaTests.xctest */ = {isa = PBXFileReference; explicitFileType = wrapper.cfbundle; includeInIndex = 0; path = SaunaTests.xctest; sourceTree = BUILT_PRODUCTS_DIR; };
		FA54FEE324892539004D21A7 /* Info.plist */ = {isa = PBXFileReference; lastKnownFileType = text.plist.xml; path = Info.plist; sourceTree = "<group>"; };
		FA57808324A778AE00ED6073 /* WatchAppState.swift */ = {isa = PBXFileReference; lastKnownFileType = sourcecode.swift; path = WatchAppState.swift; sourceTree = "<group>"; };
		FA6CC18A24A9068200D7775B /* MessageOverlay.swift */ = {isa = PBXFileReference; lastKnownFileType = sourcecode.swift; path = MessageOverlay.swift; sourceTree = "<group>"; };
		FA6F2ECE24961B67004F02F8 /* AppEnvironment+Mock.swift */ = {isa = PBXFileReference; lastKnownFileType = sourcecode.swift; path = "AppEnvironment+Mock.swift"; sourceTree = "<group>"; };
		FA6F2ED02496204D004F02F8 /* AppNotificationObserver.swift */ = {isa = PBXFileReference; lastKnownFileType = sourcecode.swift; path = AppNotificationObserver.swift; sourceTree = "<group>"; };
		FA789A53249B573C00BE3FC4 /* NotificationObserverTests.swift */ = {isa = PBXFileReference; fileEncoding = 4; lastKnownFileType = sourcecode.swift; path = NotificationObserverTests.swift; sourceTree = "<group>"; };
		FA9F2F4B24A77CB6006C7BBF /* Secrets.swift */ = {isa = PBXFileReference; lastKnownFileType = sourcecode.swift; path = Secrets.swift; sourceTree = "<group>"; };
		FA9F2F4E24A77D94006C7BBF /* ProfileRow.swift */ = {isa = PBXFileReference; lastKnownFileType = sourcecode.swift; path = ProfileRow.swift; sourceTree = "<group>"; };
		FA9F2F5024A77E5F006C7BBF /* StatusView.swift */ = {isa = PBXFileReference; lastKnownFileType = sourcecode.swift; path = StatusView.swift; sourceTree = "<group>"; };
		FAA6D81224A3480E006631E3 /* Credits.rtf */ = {isa = PBXFileReference; lastKnownFileType = text.rtf; path = Credits.rtf; sourceTree = "<group>"; };
		FAB66C8A24950FDB00AC461F /* Notifier.swift */ = {isa = PBXFileReference; lastKnownFileType = sourcecode.swift; path = Notifier.swift; sourceTree = "<group>"; };
/* End PBXFileReference section */

/* Begin PBXFrameworksBuildPhase section */
		FA3B4A8C24A777CD00212F1C /* Frameworks */ = {
			isa = PBXFrameworksBuildPhase;
			buildActionMask = 2147483647;
			files = (
				FAB68B7A260F4DDC006949EA /* SaunaApp in Frameworks */,
			);
			runOnlyForDeploymentPostprocessing = 0;
		};
		FA54FEB224891ED8004D21A7 /* Frameworks */ = {
			isa = PBXFrameworksBuildPhase;
			buildActionMask = 2147483647;
			files = (
				FAB68B5A260F45C2006949EA /* SaunaApp in Frameworks */,
			);
			runOnlyForDeploymentPostprocessing = 0;
		};
		FA54FEDC24892539004D21A7 /* Frameworks */ = {
			isa = PBXFrameworksBuildPhase;
			buildActionMask = 2147483647;
			files = (
			);
			runOnlyForDeploymentPostprocessing = 0;
		};
/* End PBXFrameworksBuildPhase section */

/* Begin PBXGroup section */
		FA3B4A7424A76CC000212F1C /* Frameworks */ = {
			isa = PBXGroup;
			children = (
			);
			name = Frameworks;
			sourceTree = "<group>";
		};
		FA3B4A8424A777CC00212F1C /* SaunaWatch WatchKit App */ = {
			isa = PBXGroup;
			children = (
				FA3B4A8524A777CC00212F1C /* Interface.storyboard */,
				FA3B4A8824A777CD00212F1C /* Assets.xcassets */,
				FA3B4A8A24A777CD00212F1C /* Info.plist */,
			);
			path = "SaunaWatch WatchKit App";
			sourceTree = "<group>";
		};
		FA3B4A9324A777CD00212F1C /* SaunaWatch WatchKit Extension */ = {
			isa = PBXGroup;
			children = (
				FA9F2F4D24A77D83006C7BBF /* Views */,
				FA9F2F4B24A77CB6006C7BBF /* Secrets.swift */,
				FA3B4A9424A777CD00212F1C /* HostingController.swift */,
				FA57808324A778AE00ED6073 /* WatchAppState.swift */,
				FA3B4A9824A777CD00212F1C /* ExtensionDelegate.swift */,
				FA3B4A9A24A777CE00212F1C /* Assets.xcassets */,
				FA3B4A9F24A777CE00212F1C /* Info.plist */,
				FA3B4A9C24A777CE00212F1C /* Preview Content */,
			);
			path = "SaunaWatch WatchKit Extension";
			sourceTree = "<group>";
		};
		FA3B4A9C24A777CE00212F1C /* Preview Content */ = {
			isa = PBXGroup;
			children = (
				FA3B4A9D24A777CE00212F1C /* Preview Assets.xcassets */,
			);
			path = "Preview Content";
			sourceTree = "<group>";
		};
		FA54FEAC24891ED8004D21A7 = {
			isa = PBXGroup;
			children = (
				FA3B4A7324A76B6D00212F1C /* LibSauna */,
				FA54FEB724891ED8004D21A7 /* Sauna */,
				FA54FEE024892539004D21A7 /* SaunaTests */,
				FA3B4A8424A777CC00212F1C /* SaunaWatch WatchKit App */,
				FA3B4A9324A777CD00212F1C /* SaunaWatch WatchKit Extension */,
				FA54FEB624891ED8004D21A7 /* Products */,
				FA3B4A7424A76CC000212F1C /* Frameworks */,
			);
			sourceTree = "<group>";
		};
		FA54FEB624891ED8004D21A7 /* Products */ = {
			isa = PBXGroup;
			children = (
				FA54FEB524891ED8004D21A7 /* Sauna.app */,
				FA54FEDF24892539004D21A7 /* SaunaTests.xctest */,
				FA3B4A7D24A777CC00212F1C /* SaunaWatch.app */,
				FA3B4A8024A777CC00212F1C /* SaunaWatch WatchKit App.app */,
				FA3B4A8F24A777CD00212F1C /* SaunaWatch WatchKit Extension.appex */,
			);
			name = Products;
			sourceTree = "<group>";
		};
		FA54FEB724891ED8004D21A7 /* Sauna */ = {
			isa = PBXGroup;
			children = (
				2DBA16D57AE8EF1A8B29EA2A /* SaunaApp.swift */,
				FA54FEBE24891EDA004D21A7 /* Preview Content */,
				FA836F4D248C1488002E5F95 /* State */,
				FAC248F5248A77F600386D70 /* Supporting Files */,
			);
			path = Sauna;
			sourceTree = "<group>";
		};
		FA54FEBE24891EDA004D21A7 /* Preview Content */ = {
			isa = PBXGroup;
			children = (
				FA54FEBF24891EDA004D21A7 /* Preview Assets.xcassets */,
			);
			path = "Preview Content";
			sourceTree = "<group>";
		};
		FA54FEE024892539004D21A7 /* SaunaTests */ = {
			isa = PBXGroup;
			children = (
				FA54FEE324892539004D21A7 /* Info.plist */,
				FA6F2ECE24961B67004F02F8 /* AppEnvironment+Mock.swift */,
				FA789A53249B573C00BE3FC4 /* NotificationObserverTests.swift */,
			);
			path = SaunaTests;
			sourceTree = "<group>";
		};
		FA836F4D248C1488002E5F95 /* State */ = {
			isa = PBXGroup;
			children = (
				FA6F2ED02496204D004F02F8 /* AppNotificationObserver.swift */,
				FA381E8F249659EA00719ABC /* AutoRefreshReducer.swift */,
				FAB66C8A24950FDB00AC461F /* Notifier.swift */,
			);
			path = State;
			sourceTree = "<group>";
		};
		FA9F2F4D24A77D83006C7BBF /* Views */ = {
			isa = PBXGroup;
			children = (
				FA3B4A9624A777CD00212F1C /* ContentView.swift */,
				FA1C541524A7C51D006B1A2F /* FriendsListView.swift */,
				FA6CC18A24A9068200D7775B /* MessageOverlay.swift */,
				FA9F2F4E24A77D94006C7BBF /* ProfileRow.swift */,
				FA9F2F5024A77E5F006C7BBF /* StatusView.swift */,
			);
			path = Views;
			sourceTree = "<group>";
		};
		FAC248F5248A77F600386D70 /* Supporting Files */ = {
			isa = PBXGroup;
			children = (
				FA54FEC124891EDA004D21A7 /* Main.storyboard */,
				FA54FEBC24891EDA004D21A7 /* Assets.xcassets */,
				FA54FEC524891EDA004D21A7 /* Sauna.entitlements */,
				FA54FEC424891EDA004D21A7 /* Info.plist */,
				FAA6D81224A3480E006631E3 /* Credits.rtf */,
			);
			path = "Supporting Files";
			sourceTree = "<group>";
		};
/* End PBXGroup section */

/* Begin PBXNativeTarget section */
		FA3B4A7C24A777CC00212F1C /* SaunaWatch */ = {
			isa = PBXNativeTarget;
			buildConfigurationList = FA3B4AAA24A777CE00212F1C /* Build configuration list for PBXNativeTarget "SaunaWatch" */;
			buildPhases = (
				FA3B4A7B24A777CC00212F1C /* Resources */,
				FA3B4AA224A777CE00212F1C /* Embed Watch Content */,
			);
			buildRules = (
			);
			dependencies = (
				FA3B4A8324A777CC00212F1C /* PBXTargetDependency */,
			);
			name = SaunaWatch;
			productName = SaunaWatch;
			productReference = FA3B4A7D24A777CC00212F1C /* SaunaWatch.app */;
			productType = "com.apple.product-type.application.watchapp2-container";
		};
		FA3B4A7F24A777CC00212F1C /* SaunaWatch WatchKit App */ = {
			isa = PBXNativeTarget;
			buildConfigurationList = FA3B4AA924A777CE00212F1C /* Build configuration list for PBXNativeTarget "SaunaWatch WatchKit App" */;
			buildPhases = (
				FA3B4A7E24A777CC00212F1C /* Resources */,
				FA3B4AA524A777CE00212F1C /* Embed App Extensions */,
			);
			buildRules = (
			);
			dependencies = (
				FA3B4A9224A777CD00212F1C /* PBXTargetDependency */,
			);
			name = "SaunaWatch WatchKit App";
			productName = "SaunaWatch WatchKit App";
			productReference = FA3B4A8024A777CC00212F1C /* SaunaWatch WatchKit App.app */;
			productType = "com.apple.product-type.application.watchapp2";
		};
		FA3B4A8E24A777CD00212F1C /* SaunaWatch WatchKit Extension */ = {
			isa = PBXNativeTarget;
			buildConfigurationList = FA3B4AA824A777CE00212F1C /* Build configuration list for PBXNativeTarget "SaunaWatch WatchKit Extension" */;
			buildPhases = (
				FA3B4A8B24A777CD00212F1C /* Sources */,
				FA3B4A8C24A777CD00212F1C /* Frameworks */,
				FA3B4A8D24A777CD00212F1C /* Resources */,
			);
			buildRules = (
			);
			dependencies = (
			);
			name = "SaunaWatch WatchKit Extension";
			packageProductDependencies = (
				FAB68B79260F4DDC006949EA /* SaunaApp */,
			);
			productName = "SaunaWatch WatchKit Extension";
			productReference = FA3B4A8F24A777CD00212F1C /* SaunaWatch WatchKit Extension.appex */;
			productType = "com.apple.product-type.watchkit2-extension";
		};
		FA54FEB424891ED8004D21A7 /* Sauna */ = {
			isa = PBXNativeTarget;
			buildConfigurationList = FA54FEC824891EDA004D21A7 /* Build configuration list for PBXNativeTarget "Sauna" */;
			buildPhases = (
				FA54FEB124891ED8004D21A7 /* Sources */,
				FA54FEB224891ED8004D21A7 /* Frameworks */,
				FA54FEB324891ED8004D21A7 /* Resources */,
				FAA6D81424A34DAB006631E3 /* Update Bundle Build Number */,
			);
			buildRules = (
			);
			dependencies = (
			);
			name = Sauna;
			packageProductDependencies = (
				FAB68B59260F45C2006949EA /* SaunaApp */,
			);
			productName = Sauna;
			productReference = FA54FEB524891ED8004D21A7 /* Sauna.app */;
			productType = "com.apple.product-type.application";
		};
		FA54FEDE24892539004D21A7 /* SaunaTests */ = {
			isa = PBXNativeTarget;
			buildConfigurationList = FA54FEE624892539004D21A7 /* Build configuration list for PBXNativeTarget "SaunaTests" */;
			buildPhases = (
				FA54FEDB24892539004D21A7 /* Sources */,
				FA54FEDC24892539004D21A7 /* Frameworks */,
				FA54FEDD24892539004D21A7 /* Resources */,
			);
			buildRules = (
			);
			dependencies = (
				FA54FEE524892539004D21A7 /* PBXTargetDependency */,
			);
			name = SaunaTests;
			productName = SaunaTests;
			productReference = FA54FEDF24892539004D21A7 /* SaunaTests.xctest */;
			productType = "com.apple.product-type.bundle.unit-test";
		};
/* End PBXNativeTarget section */

/* Begin PBXProject section */
		FA54FEAD24891ED8004D21A7 /* Project object */ = {
			isa = PBXProject;
			attributes = {
				LastSwiftUpdateCheck = 1200;
				LastUpgradeCheck = 1200;
				ORGANIZATIONNAME = "Alex Jackson";
				TargetAttributes = {
					FA3B4A7C24A777CC00212F1C = {
						CreatedOnToolsVersion = 12.0;
					};
					FA3B4A7F24A777CC00212F1C = {
						CreatedOnToolsVersion = 12.0;
					};
					FA3B4A8E24A777CD00212F1C = {
						CreatedOnToolsVersion = 12.0;
					};
					FA54FEB424891ED8004D21A7 = {
						CreatedOnToolsVersion = 11.5;
					};
					FA54FEDE24892539004D21A7 = {
						CreatedOnToolsVersion = 11.5;
						TestTargetID = FA54FEB424891ED8004D21A7;
					};
				};
			};
			buildConfigurationList = FA54FEB024891ED8004D21A7 /* Build configuration list for PBXProject "Sauna" */;
			compatibilityVersion = "Xcode 9.3";
			developmentRegion = en;
			hasScannedForEncodings = 0;
			knownRegions = (
				en,
				Base,
			);
			mainGroup = FA54FEAC24891ED8004D21A7;
			packageReferences = (
			);
			productRefGroup = FA54FEB624891ED8004D21A7 /* Products */;
			projectDirPath = "";
			projectRoot = "";
			targets = (
				FA54FEB424891ED8004D21A7 /* Sauna */,
				FA54FEDE24892539004D21A7 /* SaunaTests */,
				FA3B4A7C24A777CC00212F1C /* SaunaWatch */,
				FA3B4A7F24A777CC00212F1C /* SaunaWatch WatchKit App */,
				FA3B4A8E24A777CD00212F1C /* SaunaWatch WatchKit Extension */,
			);
		};
/* End PBXProject section */

/* Begin PBXResourcesBuildPhase section */
		FA3B4A7B24A777CC00212F1C /* Resources */ = {
			isa = PBXResourcesBuildPhase;
			buildActionMask = 2147483647;
			files = (
			);
			runOnlyForDeploymentPostprocessing = 0;
		};
		FA3B4A7E24A777CC00212F1C /* Resources */ = {
			isa = PBXResourcesBuildPhase;
			buildActionMask = 2147483647;
			files = (
				FA3B4A8924A777CD00212F1C /* Assets.xcassets in Resources */,
				FA3B4A8724A777CC00212F1C /* Interface.storyboard in Resources */,
			);
			runOnlyForDeploymentPostprocessing = 0;
		};
		FA3B4A8D24A777CD00212F1C /* Resources */ = {
			isa = PBXResourcesBuildPhase;
			buildActionMask = 2147483647;
			files = (
				FA3B4A9E24A777CE00212F1C /* Preview Assets.xcassets in Resources */,
				FA3B4A9B24A777CE00212F1C /* Assets.xcassets in Resources */,
			);
			runOnlyForDeploymentPostprocessing = 0;
		};
		FA54FEB324891ED8004D21A7 /* Resources */ = {
			isa = PBXResourcesBuildPhase;
			buildActionMask = 2147483647;
			files = (
				FAA6D81324A3480E006631E3 /* Credits.rtf in Resources */,
				FA54FEC324891EDA004D21A7 /* Main.storyboard in Resources */,
				FA54FEC024891EDA004D21A7 /* Preview Assets.xcassets in Resources */,
				FA54FEBD24891EDA004D21A7 /* Assets.xcassets in Resources */,
			);
			runOnlyForDeploymentPostprocessing = 0;
		};
		FA54FEDD24892539004D21A7 /* Resources */ = {
			isa = PBXResourcesBuildPhase;
			buildActionMask = 2147483647;
			files = (
			);
			runOnlyForDeploymentPostprocessing = 0;
		};
/* End PBXResourcesBuildPhase section */

/* Begin PBXShellScriptBuildPhase section */
		FAA6D81424A34DAB006631E3 /* Update Bundle Build Number */ = {
			isa = PBXShellScriptBuildPhase;
			buildActionMask = 2147483647;
			files = (
			);
			inputFileListPaths = (
			);
			inputPaths = (
				"${BUILT_PRODUCTS_DIR}/${INFOPLIST_PATH%.*}",
			);
			name = "Update Bundle Build Number";
			outputFileListPaths = (
			);
			outputPaths = (
			);
			runOnlyForDeploymentPostprocessing = 0;
			shellPath = /bin/sh;
			shellScript = "COMMITS=$(git rev-list HEAD | wc -l)\nCOMMITS=$(($COMMITS))\ndefaults write \"${BUILT_PRODUCTS_DIR}/${INFOPLIST_PATH%.*}\" \"CFBundleVersion\" \"${COMMITS}\"\n";
		};
/* End PBXShellScriptBuildPhase section */

/* Begin PBXSourcesBuildPhase section */
		FA3B4A8B24A777CD00212F1C /* Sources */ = {
			isa = PBXSourcesBuildPhase;
			buildActionMask = 2147483647;
			files = (
				FA3B4A9724A777CD00212F1C /* ContentView.swift in Sources */,
				FA9F2F4C24A77CB6006C7BBF /* Secrets.swift in Sources */,
				FA1C541624A7C51D006B1A2F /* FriendsListView.swift in Sources */,
				FA9F2F4F24A77D94006C7BBF /* ProfileRow.swift in Sources */,
				FA3B4A9524A777CD00212F1C /* HostingController.swift in Sources */,
				FA9F2F5124A77E5F006C7BBF /* StatusView.swift in Sources */,
				FA6CC18B24A9068200D7775B /* MessageOverlay.swift in Sources */,
				FA3B4A9924A777CD00212F1C /* ExtensionDelegate.swift in Sources */,
				FA57808424A778AE00ED6073 /* WatchAppState.swift in Sources */,
			);
			runOnlyForDeploymentPostprocessing = 0;
		};
		FA54FEB124891ED8004D21A7 /* Sources */ = {
			isa = PBXSourcesBuildPhase;
			buildActionMask = 2147483647;
			files = (
				FA381E90249659EA00719ABC /* AutoRefreshReducer.swift in Sources */,
				FA6F2ED12496204D004F02F8 /* AppNotificationObserver.swift in Sources */,
				FAB66C8B24950FDB00AC461F /* Notifier.swift in Sources */,
				FAA07D012664D82800BC87C6 /* Secrets.swift in Sources */,
				2DBA11E76BBF1E72BE871FCE /* SaunaApp.swift in Sources */,
			);
			runOnlyForDeploymentPostprocessing = 0;
		};
		FA54FEDB24892539004D21A7 /* Sources */ = {
			isa = PBXSourcesBuildPhase;
			buildActionMask = 2147483647;
			files = (
				FA6F2ECF24961B67004F02F8 /* AppEnvironment+Mock.swift in Sources */,
				FA789A54249B573C00BE3FC4 /* NotificationObserverTests.swift in Sources */,
			);
			runOnlyForDeploymentPostprocessing = 0;
		};
/* End PBXSourcesBuildPhase section */

/* Begin PBXTargetDependency section */
		FA3B4A8324A777CC00212F1C /* PBXTargetDependency */ = {
			isa = PBXTargetDependency;
			target = FA3B4A7F24A777CC00212F1C /* SaunaWatch WatchKit App */;
			targetProxy = FA3B4A8224A777CC00212F1C /* PBXContainerItemProxy */;
		};
		FA3B4A9224A777CD00212F1C /* PBXTargetDependency */ = {
			isa = PBXTargetDependency;
			target = FA3B4A8E24A777CD00212F1C /* SaunaWatch WatchKit Extension */;
			targetProxy = FA3B4A9124A777CD00212F1C /* PBXContainerItemProxy */;
		};
		FA54FEE524892539004D21A7 /* PBXTargetDependency */ = {
			isa = PBXTargetDependency;
			target = FA54FEB424891ED8004D21A7 /* Sauna */;
			targetProxy = FA54FEE424892539004D21A7 /* PBXContainerItemProxy */;
		};
/* End PBXTargetDependency section */

/* Begin PBXVariantGroup section */
		FA3B4A8524A777CC00212F1C /* Interface.storyboard */ = {
			isa = PBXVariantGroup;
			children = (
				FA3B4A8624A777CC00212F1C /* Base */,
			);
			name = Interface.storyboard;
			sourceTree = "<group>";
		};
		FA54FEC124891EDA004D21A7 /* Main.storyboard */ = {
			isa = PBXVariantGroup;
			children = (
				FA54FEC224891EDA004D21A7 /* Base */,
			);
			name = Main.storyboard;
			sourceTree = "<group>";
		};
/* End PBXVariantGroup section */

/* Begin XCBuildConfiguration section */
		FA3B4AA024A777CE00212F1C /* Debug */ = {
			isa = XCBuildConfiguration;
			buildSettings = {
				ASSETCATALOG_COMPILER_GLOBAL_ACCENT_COLOR_NAME = AccentColor;
				CLANG_WARN_QUOTED_INCLUDE_IN_FRAMEWORK_HEADER = YES;
				CODE_SIGN_STYLE = Automatic;
				CURRENT_PROJECT_VERSION = 1;
				DEVELOPMENT_TEAM = LMVB86HGC7;
				MARKETING_VERSION = 1.0;
				PRODUCT_BUNDLE_IDENTIFIER = org.alexj.SaunaWatch;
				PRODUCT_NAME = "$(TARGET_NAME)";
				SDKROOT = iphoneos;
				SWIFT_VERSION = 5.0;
			};
			name = Debug;
		};
		FA3B4AA124A777CE00212F1C /* Release */ = {
			isa = XCBuildConfiguration;
			buildSettings = {
				ASSETCATALOG_COMPILER_GLOBAL_ACCENT_COLOR_NAME = AccentColor;
				CLANG_WARN_QUOTED_INCLUDE_IN_FRAMEWORK_HEADER = YES;
				CODE_SIGN_STYLE = Automatic;
				CURRENT_PROJECT_VERSION = 1;
				DEVELOPMENT_TEAM = LMVB86HGC7;
				MARKETING_VERSION = 1.0;
				PRODUCT_BUNDLE_IDENTIFIER = org.alexj.SaunaWatch;
				PRODUCT_NAME = "$(TARGET_NAME)";
				SDKROOT = iphoneos;
				SWIFT_VERSION = 5.0;
				VALIDATE_PRODUCT = YES;
			};
			name = Release;
		};
		FA3B4AA324A777CE00212F1C /* Debug */ = {
			isa = XCBuildConfiguration;
			buildSettings = {
				ALWAYS_EMBED_SWIFT_STANDARD_LIBRARIES = YES;
				ASSETCATALOG_COMPILER_APPICON_NAME = AppIcon;
				ASSETCATALOG_COMPILER_GLOBAL_ACCENT_COLOR_NAME = AccentColor;
				CLANG_WARN_QUOTED_INCLUDE_IN_FRAMEWORK_HEADER = YES;
				CODE_SIGN_STYLE = Automatic;
				DEVELOPMENT_TEAM = LMVB86HGC7;
				IBSC_MODULE = SaunaWatch_WatchKit_Extension;
				INFOPLIST_FILE = "SaunaWatch WatchKit App/Info.plist";
				PRODUCT_BUNDLE_IDENTIFIER = org.alexj.SaunaWatch.watchkitapp;
				PRODUCT_NAME = "$(TARGET_NAME)";
				SDKROOT = watchos;
				SKIP_INSTALL = YES;
				SWIFT_VERSION = 5.0;
				TARGETED_DEVICE_FAMILY = 4;
				WATCHOS_DEPLOYMENT_TARGET = 7.0;
			};
			name = Debug;
		};
		FA3B4AA424A777CE00212F1C /* Release */ = {
			isa = XCBuildConfiguration;
			buildSettings = {
				ALWAYS_EMBED_SWIFT_STANDARD_LIBRARIES = YES;
				ASSETCATALOG_COMPILER_APPICON_NAME = AppIcon;
				ASSETCATALOG_COMPILER_GLOBAL_ACCENT_COLOR_NAME = AccentColor;
				CLANG_WARN_QUOTED_INCLUDE_IN_FRAMEWORK_HEADER = YES;
				CODE_SIGN_STYLE = Automatic;
				DEVELOPMENT_TEAM = LMVB86HGC7;
				IBSC_MODULE = SaunaWatch_WatchKit_Extension;
				INFOPLIST_FILE = "SaunaWatch WatchKit App/Info.plist";
				PRODUCT_BUNDLE_IDENTIFIER = org.alexj.SaunaWatch.watchkitapp;
				PRODUCT_NAME = "$(TARGET_NAME)";
				SDKROOT = watchos;
				SKIP_INSTALL = YES;
				SWIFT_VERSION = 5.0;
				TARGETED_DEVICE_FAMILY = 4;
				VALIDATE_PRODUCT = YES;
				WATCHOS_DEPLOYMENT_TARGET = 7.0;
			};
			name = Release;
		};
		FA3B4AA624A777CE00212F1C /* Debug */ = {
			isa = XCBuildConfiguration;
			buildSettings = {
				ASSETCATALOG_COMPILER_COMPLICATION_NAME = Complication;
				CLANG_WARN_QUOTED_INCLUDE_IN_FRAMEWORK_HEADER = YES;
				CODE_SIGN_STYLE = Automatic;
				DEVELOPMENT_ASSET_PATHS = "\"SaunaWatch WatchKit Extension/Preview Content\"";
				DEVELOPMENT_TEAM = LMVB86HGC7;
				ENABLE_PREVIEWS = YES;
				INFOPLIST_FILE = "SaunaWatch WatchKit Extension/Info.plist";
				LD_RUNPATH_SEARCH_PATHS = (
					"$(inherited)",
					"@executable_path/Frameworks",
					"@executable_path/../../Frameworks",
				);
				PRODUCT_BUNDLE_IDENTIFIER = org.alexj.SaunaWatch.watchkitapp.watchkitextension;
				PRODUCT_NAME = "${TARGET_NAME}";
				SDKROOT = watchos;
				SKIP_INSTALL = YES;
				SWIFT_VERSION = 5.0;
				TARGETED_DEVICE_FAMILY = 4;
				WATCHOS_DEPLOYMENT_TARGET = 7.0;
			};
			name = Debug;
		};
		FA3B4AA724A777CE00212F1C /* Release */ = {
			isa = XCBuildConfiguration;
			buildSettings = {
				ASSETCATALOG_COMPILER_COMPLICATION_NAME = Complication;
				CLANG_WARN_QUOTED_INCLUDE_IN_FRAMEWORK_HEADER = YES;
				CODE_SIGN_STYLE = Automatic;
				DEVELOPMENT_ASSET_PATHS = "\"SaunaWatch WatchKit Extension/Preview Content\"";
				DEVELOPMENT_TEAM = LMVB86HGC7;
				ENABLE_PREVIEWS = YES;
				INFOPLIST_FILE = "SaunaWatch WatchKit Extension/Info.plist";
				LD_RUNPATH_SEARCH_PATHS = (
					"$(inherited)",
					"@executable_path/Frameworks",
					"@executable_path/../../Frameworks",
				);
				PRODUCT_BUNDLE_IDENTIFIER = org.alexj.SaunaWatch.watchkitapp.watchkitextension;
				PRODUCT_NAME = "${TARGET_NAME}";
				SDKROOT = watchos;
				SKIP_INSTALL = YES;
				SWIFT_VERSION = 5.0;
				TARGETED_DEVICE_FAMILY = 4;
				VALIDATE_PRODUCT = YES;
				WATCHOS_DEPLOYMENT_TARGET = 7.0;
			};
			name = Release;
		};
		FA54FEC624891EDA004D21A7 /* Debug */ = {
			isa = XCBuildConfiguration;
			buildSettings = {
				ALWAYS_SEARCH_USER_PATHS = NO;
				CLANG_ANALYZER_NONNULL = YES;
				CLANG_ANALYZER_NUMBER_OBJECT_CONVERSION = YES_AGGRESSIVE;
				CLANG_CXX_LANGUAGE_STANDARD = "gnu++14";
				CLANG_CXX_LIBRARY = "libc++";
				CLANG_ENABLE_MODULES = YES;
				CLANG_ENABLE_OBJC_ARC = YES;
				CLANG_ENABLE_OBJC_WEAK = YES;
				CLANG_WARN_BLOCK_CAPTURE_AUTORELEASING = YES;
				CLANG_WARN_BOOL_CONVERSION = YES;
				CLANG_WARN_COMMA = YES;
				CLANG_WARN_CONSTANT_CONVERSION = YES;
				CLANG_WARN_DEPRECATED_OBJC_IMPLEMENTATIONS = YES;
				CLANG_WARN_DIRECT_OBJC_ISA_USAGE = YES_ERROR;
				CLANG_WARN_DOCUMENTATION_COMMENTS = YES;
				CLANG_WARN_EMPTY_BODY = YES;
				CLANG_WARN_ENUM_CONVERSION = YES;
				CLANG_WARN_INFINITE_RECURSION = YES;
				CLANG_WARN_INT_CONVERSION = YES;
				CLANG_WARN_NON_LITERAL_NULL_CONVERSION = YES;
				CLANG_WARN_OBJC_IMPLICIT_RETAIN_SELF = YES;
				CLANG_WARN_OBJC_LITERAL_CONVERSION = YES;
				CLANG_WARN_OBJC_ROOT_CLASS = YES_ERROR;
				CLANG_WARN_QUOTED_INCLUDE_IN_FRAMEWORK_HEADER = YES;
				CLANG_WARN_RANGE_LOOP_ANALYSIS = YES;
				CLANG_WARN_STRICT_PROTOTYPES = YES;
				CLANG_WARN_SUSPICIOUS_MOVE = YES;
				CLANG_WARN_UNGUARDED_AVAILABILITY = YES_AGGRESSIVE;
				CLANG_WARN_UNREACHABLE_CODE = YES;
				CLANG_WARN__DUPLICATE_METHOD_MATCH = YES;
				COPY_PHASE_STRIP = NO;
				DEBUG_INFORMATION_FORMAT = dwarf;
				ENABLE_STRICT_OBJC_MSGSEND = YES;
				ENABLE_TESTABILITY = YES;
				GCC_C_LANGUAGE_STANDARD = gnu11;
				GCC_DYNAMIC_NO_PIC = NO;
				GCC_NO_COMMON_BLOCKS = YES;
				GCC_OPTIMIZATION_LEVEL = 0;
				GCC_PREPROCESSOR_DEFINITIONS = (
					"DEBUG=1",
					"$(inherited)",
				);
				GCC_WARN_64_TO_32_BIT_CONVERSION = YES;
				GCC_WARN_ABOUT_RETURN_TYPE = YES_ERROR;
				GCC_WARN_UNDECLARED_SELECTOR = YES;
				GCC_WARN_UNINITIALIZED_AUTOS = YES_AGGRESSIVE;
				GCC_WARN_UNUSED_FUNCTION = YES;
				GCC_WARN_UNUSED_VARIABLE = YES;
				MACOSX_DEPLOYMENT_TARGET = 11.0;
				MTL_ENABLE_DEBUG_INFO = INCLUDE_SOURCE;
				MTL_FAST_MATH = YES;
				ONLY_ACTIVE_ARCH = YES;
				SDKROOT = macosx;
				SWIFT_ACTIVE_COMPILATION_CONDITIONS = DEBUG;
				SWIFT_OPTIMIZATION_LEVEL = "-Onone";
			};
			name = Debug;
		};
		FA54FEC724891EDA004D21A7 /* Release */ = {
			isa = XCBuildConfiguration;
			buildSettings = {
				ALWAYS_SEARCH_USER_PATHS = NO;
				CLANG_ANALYZER_NONNULL = YES;
				CLANG_ANALYZER_NUMBER_OBJECT_CONVERSION = YES_AGGRESSIVE;
				CLANG_CXX_LANGUAGE_STANDARD = "gnu++14";
				CLANG_CXX_LIBRARY = "libc++";
				CLANG_ENABLE_MODULES = YES;
				CLANG_ENABLE_OBJC_ARC = YES;
				CLANG_ENABLE_OBJC_WEAK = YES;
				CLANG_WARN_BLOCK_CAPTURE_AUTORELEASING = YES;
				CLANG_WARN_BOOL_CONVERSION = YES;
				CLANG_WARN_COMMA = YES;
				CLANG_WARN_CONSTANT_CONVERSION = YES;
				CLANG_WARN_DEPRECATED_OBJC_IMPLEMENTATIONS = YES;
				CLANG_WARN_DIRECT_OBJC_ISA_USAGE = YES_ERROR;
				CLANG_WARN_DOCUMENTATION_COMMENTS = YES;
				CLANG_WARN_EMPTY_BODY = YES;
				CLANG_WARN_ENUM_CONVERSION = YES;
				CLANG_WARN_INFINITE_RECURSION = YES;
				CLANG_WARN_INT_CONVERSION = YES;
				CLANG_WARN_NON_LITERAL_NULL_CONVERSION = YES;
				CLANG_WARN_OBJC_IMPLICIT_RETAIN_SELF = YES;
				CLANG_WARN_OBJC_LITERAL_CONVERSION = YES;
				CLANG_WARN_OBJC_ROOT_CLASS = YES_ERROR;
				CLANG_WARN_QUOTED_INCLUDE_IN_FRAMEWORK_HEADER = YES;
				CLANG_WARN_RANGE_LOOP_ANALYSIS = YES;
				CLANG_WARN_STRICT_PROTOTYPES = YES;
				CLANG_WARN_SUSPICIOUS_MOVE = YES;
				CLANG_WARN_UNGUARDED_AVAILABILITY = YES_AGGRESSIVE;
				CLANG_WARN_UNREACHABLE_CODE = YES;
				CLANG_WARN__DUPLICATE_METHOD_MATCH = YES;
				COPY_PHASE_STRIP = NO;
				DEBUG_INFORMATION_FORMAT = "dwarf-with-dsym";
				ENABLE_NS_ASSERTIONS = NO;
				ENABLE_STRICT_OBJC_MSGSEND = YES;
				GCC_C_LANGUAGE_STANDARD = gnu11;
				GCC_NO_COMMON_BLOCKS = YES;
				GCC_WARN_64_TO_32_BIT_CONVERSION = YES;
				GCC_WARN_ABOUT_RETURN_TYPE = YES_ERROR;
				GCC_WARN_UNDECLARED_SELECTOR = YES;
				GCC_WARN_UNINITIALIZED_AUTOS = YES_AGGRESSIVE;
				GCC_WARN_UNUSED_FUNCTION = YES;
				GCC_WARN_UNUSED_VARIABLE = YES;
				MACOSX_DEPLOYMENT_TARGET = 11.0;
				MTL_ENABLE_DEBUG_INFO = NO;
				MTL_FAST_MATH = YES;
				SDKROOT = macosx;
				SWIFT_COMPILATION_MODE = wholemodule;
				SWIFT_OPTIMIZATION_LEVEL = "-O";
			};
			name = Release;
		};
		FA54FEC924891EDA004D21A7 /* Debug */ = {
			isa = XCBuildConfiguration;
			buildSettings = {
				ASSETCATALOG_COMPILER_APPICON_NAME = AppIcon;
				CODE_SIGN_ENTITLEMENTS = "Sauna/Supporting Files/Sauna.entitlements";
				CODE_SIGN_IDENTITY = "-";
				CODE_SIGN_STYLE = Automatic;
				COMBINE_HIDPI_IMAGES = YES;
				CURRENT_PROJECT_VERSION = SEE_BUILD_PHASE;
				DEVELOPMENT_ASSET_PATHS = "\"Sauna/Preview Content\"";
				DEVELOPMENT_TEAM = LMVB86HGC7;
				ENABLE_HARDENED_RUNTIME = YES;
				ENABLE_PREVIEWS = YES;
				INFOPLIST_FILE = "Sauna/Supporting Files/Info.plist";
				LD_RUNPATH_SEARCH_PATHS = (
					"$(inherited)",
					"@executable_path/../Frameworks",
				);
				MARKETING_VERSION = 1.0;
				PRODUCT_BUNDLE_IDENTIFIER = org.alexj.Sauna;
				PRODUCT_NAME = "$(TARGET_NAME)";
				SWIFT_VERSION = 5.0;
			};
			name = Debug;
		};
		FA54FECA24891EDA004D21A7 /* Release */ = {
			isa = XCBuildConfiguration;
			buildSettings = {
				ASSETCATALOG_COMPILER_APPICON_NAME = AppIcon;
				CODE_SIGN_ENTITLEMENTS = "Sauna/Supporting Files/Sauna.entitlements";
				CODE_SIGN_IDENTITY = "-";
				CODE_SIGN_STYLE = Automatic;
				COMBINE_HIDPI_IMAGES = YES;
				CURRENT_PROJECT_VERSION = SEE_BUILD_PHASE;
				DEVELOPMENT_ASSET_PATHS = "\"Sauna/Preview Content\"";
				DEVELOPMENT_TEAM = LMVB86HGC7;
				ENABLE_HARDENED_RUNTIME = YES;
				ENABLE_PREVIEWS = YES;
				INFOPLIST_FILE = "Sauna/Supporting Files/Info.plist";
				LD_RUNPATH_SEARCH_PATHS = (
					"$(inherited)",
					"@executable_path/../Frameworks",
				);
				MARKETING_VERSION = 1.0;
				PRODUCT_BUNDLE_IDENTIFIER = org.alexj.Sauna;
				PRODUCT_NAME = "$(TARGET_NAME)";
				SWIFT_VERSION = 5.0;
			};
			name = Release;
		};
		FA54FEE724892539004D21A7 /* Debug */ = {
			isa = XCBuildConfiguration;
			buildSettings = {
				BUNDLE_LOADER = "$(TEST_HOST)";
				CODE_SIGN_STYLE = Automatic;
				COMBINE_HIDPI_IMAGES = YES;
				DEVELOPMENT_TEAM = LMVB86HGC7;
				INFOPLIST_FILE = SaunaTests/Info.plist;
				LD_RUNPATH_SEARCH_PATHS = (
					"$(inherited)",
					"@executable_path/../Frameworks",
					"@loader_path/../Frameworks",
				);
				PRODUCT_BUNDLE_IDENTIFIER = org.alexj.SaunaTests;
				PRODUCT_NAME = "$(TARGET_NAME)";
				SWIFT_VERSION = 5.0;
				TEST_HOST = "$(BUILT_PRODUCTS_DIR)/Sauna.app/Contents/MacOS/Sauna";
			};
			name = Debug;
		};
		FA54FEE824892539004D21A7 /* Release */ = {
			isa = XCBuildConfiguration;
			buildSettings = {
				BUNDLE_LOADER = "$(TEST_HOST)";
				CODE_SIGN_STYLE = Automatic;
				COMBINE_HIDPI_IMAGES = YES;
				DEVELOPMENT_TEAM = LMVB86HGC7;
				INFOPLIST_FILE = SaunaTests/Info.plist;
				LD_RUNPATH_SEARCH_PATHS = (
					"$(inherited)",
					"@executable_path/../Frameworks",
					"@loader_path/../Frameworks",
				);
				PRODUCT_BUNDLE_IDENTIFIER = org.alexj.SaunaTests;
				PRODUCT_NAME = "$(TARGET_NAME)";
				SWIFT_VERSION = 5.0;
				TEST_HOST = "$(BUILT_PRODUCTS_DIR)/Sauna.app/Contents/MacOS/Sauna";
			};
			name = Release;
		};
/* End XCBuildConfiguration section */

/* Begin XCConfigurationList section */
		FA3B4AA824A777CE00212F1C /* Build configuration list for PBXNativeTarget "SaunaWatch WatchKit Extension" */ = {
			isa = XCConfigurationList;
			buildConfigurations = (
				FA3B4AA624A777CE00212F1C /* Debug */,
				FA3B4AA724A777CE00212F1C /* Release */,
			);
			defaultConfigurationIsVisible = 0;
			defaultConfigurationName = Release;
		};
		FA3B4AA924A777CE00212F1C /* Build configuration list for PBXNativeTarget "SaunaWatch WatchKit App" */ = {
			isa = XCConfigurationList;
			buildConfigurations = (
				FA3B4AA324A777CE00212F1C /* Debug */,
				FA3B4AA424A777CE00212F1C /* Release */,
			);
			defaultConfigurationIsVisible = 0;
			defaultConfigurationName = Release;
		};
		FA3B4AAA24A777CE00212F1C /* Build configuration list for PBXNativeTarget "SaunaWatch" */ = {
			isa = XCConfigurationList;
			buildConfigurations = (
				FA3B4AA024A777CE00212F1C /* Debug */,
				FA3B4AA124A777CE00212F1C /* Release */,
			);
			defaultConfigurationIsVisible = 0;
			defaultConfigurationName = Release;
		};
		FA54FEB024891ED8004D21A7 /* Build configuration list for PBXProject "Sauna" */ = {
			isa = XCConfigurationList;
			buildConfigurations = (
				FA54FEC624891EDA004D21A7 /* Debug */,
				FA54FEC724891EDA004D21A7 /* Release */,
			);
			defaultConfigurationIsVisible = 0;
			defaultConfigurationName = Release;
		};
		FA54FEC824891EDA004D21A7 /* Build configuration list for PBXNativeTarget "Sauna" */ = {
			isa = XCConfigurationList;
			buildConfigurations = (
				FA54FEC924891EDA004D21A7 /* Debug */,
				FA54FECA24891EDA004D21A7 /* Release */,
			);
			defaultConfigurationIsVisible = 0;
			defaultConfigurationName = Release;
		};
		FA54FEE624892539004D21A7 /* Build configuration list for PBXNativeTarget "SaunaTests" */ = {
			isa = XCConfigurationList;
			buildConfigurations = (
				FA54FEE724892539004D21A7 /* Debug */,
				FA54FEE824892539004D21A7 /* Release */,
			);
			defaultConfigurationIsVisible = 0;
			defaultConfigurationName = Release;
		};
/* End XCConfigurationList section */

/* Begin XCSwiftPackageProductDependency section */
		FAB68B59260F45C2006949EA /* SaunaApp */ = {
			isa = XCSwiftPackageProductDependency;
			productName = SaunaApp;
		};
		FAB68B79260F4DDC006949EA /* SaunaApp */ = {
			isa = XCSwiftPackageProductDependency;
			productName = SaunaApp;
		};
/* End XCSwiftPackageProductDependency section */
	};
	rootObject = FA54FEAD24891ED8004D21A7 /* Project object */;
}
